
Microsoft Visual Studio Solution File, Format Version 12.00
# Visual Studio Version 16
VisualStudioVersion = 16.0.32510.428
MinimumVisualStudioVersion = 10.0.40219.1
Project("{FAE04EC0-301F-11D3-BF4B-00C04F79EFBC}") = "ProjectDesingPatterns", "ProjectDesingPatterns\ProjectDesingPatterns.csproj", "{D8130162-C5BD-4989-8847-516EB13E6ED1}"
EndProject
Global
	GlobalSection(SolutionConfigurationPlatforms) = preSolution
		Debug|Any CPU = Debug|Any CPU
		Release|Any CPU = Release|Any CPU
	EndGlobalSection
	GlobalSection(ProjectConfigurationPlatforms) = postSolution
		{D8130162-C5BD-4989-8847-516EB13E6ED1}.Debug|Any CPU.ActiveCfg = Debug|Any CPU
		{D8130162-C5BD-4989-8847-516EB13E6ED1}.Debug|Any CPU.Build.0 = Debug|Any CPU
		{D8130162-C5BD-4989-8847-516EB13E6ED1}.Release|Any CPU.ActiveCfg = Release|Any CPU
		{D8130162-C5BD-4989-8847-516EB13E6ED1}.Release|Any CPU.Build.0 = Release|Any CPU
	EndGlobalSection
	GlobalSection(SolutionProperties) = preSolution
		HideSolutionNode = FALSE
	EndGlobalSection
	GlobalSection(ExtensibilityGlobals) = postSolution
		SolutionGuid = {DC3BB4F3-B8D6-49F7-B3C0-6C0E021B7FA9}
	EndGlobalSection
EndGlobal
